
Microsoft Visual Studio Solution File, Format Version 12.00
Project("{FAE04EC0-301F-11D3-BF4B-00C04F79EFBC}") = "Crip.Login", "Crip.Login\Crip.Login.csproj", "{E723A07E-E5E2-40E0-A884-EEE3F5B9743B}"
EndProject
Project("{2150E333-8FDC-42A3-9474-1A3956D46DE8}") = "Solution", "Solution", "{F8748A20-4AAE-4AE7-A0AC-A8170132BA35}"
	ProjectSection(SolutionItems) = preProject
		.editorconfig = .editorconfig
		.gitattributes = .gitattributes
		.gitignore = .gitignore
	EndProjectSection
EndProject
Global
	GlobalSection(SolutionConfigurationPlatforms) = preSolution
		Debug|Any CPU = Debug|Any CPU
		Release|Any CPU = Release|Any CPU
	EndGlobalSection
	GlobalSection(ProjectConfigurationPlatforms) = postSolution
		{E723A07E-E5E2-40E0-A884-EEE3F5B9743B}.Debug|Any CPU.ActiveCfg = Debug|Any CPU
		{E723A07E-E5E2-40E0-A884-EEE3F5B9743B}.Debug|Any CPU.Build.0 = Debug|Any CPU
		{E723A07E-E5E2-40E0-A884-EEE3F5B9743B}.Release|Any CPU.ActiveCfg = Release|Any CPU
		{E723A07E-E5E2-40E0-A884-EEE3F5B9743B}.Release|Any CPU.Build.0 = Release|Any CPU
	EndGlobalSection
EndGlobal
